
Microsoft Visual Studio Solution File, Format Version 12.00
# Visual Studio 2013
VisualStudioVersion = 12.0.40629.0
MinimumVisualStudioVersion = 10.0.40219.1
Project("{2150E333-8FDC-42A3-9474-1A3956D46DE8}") = ".nuget", ".nuget", "{D70DC6F2-E0F0-4949-94DC-A054B312AB44}"
	ProjectSection(SolutionItems) = preProject
		.nuget\NuGet.Config = .nuget\NuGet.Config
		.nuget\NuGet.exe = .nuget\NuGet.exe
		.nuget\NuGet.targets = .nuget\NuGet.targets
	EndProjectSection
EndProject
Project("{FAE04EC0-301F-11D3-BF4B-00C04F79EFBC}") = "ScampWebFront", "ScampWebFront\ScampWebFront.csproj", "{CAE47091-7FCF-4D2D-AAF6-BD424F1C0E66}"
EndProject
Project("{FAE04EC0-301F-11D3-BF4B-00C04F79EFBC}") = "Scamp.Services", "Scamp.Services\Scamp.Services.csproj", "{0A597AC2-E1D3-41CC-9763-6CC839B66DCE}"
EndProject
Project("{FAE04EC0-301F-11D3-BF4B-00C04F79EFBC}") = "SiteProvisioningWorker", "SiteProvisioningWorker\SiteProvisioningWorker.csproj", "{77EAEEDA-69D8-4908-9FDD-BDBC747AE4E1}"
EndProject
Project("{CC5FD16D-436D-48AD-A40C-5A424C6E3E79}") = "SiteProvisionService", "SiteProvisionService\SiteProvisionService.ccproj", "{2D4B1995-DD19-44C4-9D58-BAA9891CBEBA}"
EndProject
Global
	GlobalSection(SolutionConfigurationPlatforms) = preSolution
		Debug|Any CPU = Debug|Any CPU
		GSUProduction|Any CPU = GSUProduction|Any CPU
		Release|Any CPU = Release|Any CPU
	EndGlobalSection
	GlobalSection(ProjectConfigurationPlatforms) = postSolution
		{CAE47091-7FCF-4D2D-AAF6-BD424F1C0E66}.Debug|Any CPU.ActiveCfg = Debug|Any CPU
		{CAE47091-7FCF-4D2D-AAF6-BD424F1C0E66}.Debug|Any CPU.Build.0 = Debug|Any CPU
		{CAE47091-7FCF-4D2D-AAF6-BD424F1C0E66}.GSUProduction|Any CPU.ActiveCfg = GSUProduction|Any CPU
		{CAE47091-7FCF-4D2D-AAF6-BD424F1C0E66}.GSUProduction|Any CPU.Build.0 = GSUProduction|Any CPU
		{CAE47091-7FCF-4D2D-AAF6-BD424F1C0E66}.Release|Any CPU.ActiveCfg = Release|Any CPU
		{CAE47091-7FCF-4D2D-AAF6-BD424F1C0E66}.Release|Any CPU.Build.0 = Release|Any CPU
		{0A597AC2-E1D3-41CC-9763-6CC839B66DCE}.Debug|Any CPU.ActiveCfg = Debug|Any CPU
		{0A597AC2-E1D3-41CC-9763-6CC839B66DCE}.Debug|Any CPU.Build.0 = Debug|Any CPU
		{0A597AC2-E1D3-41CC-9763-6CC839B66DCE}.GSUProduction|Any CPU.ActiveCfg = GSUProduction|Any CPU
		{0A597AC2-E1D3-41CC-9763-6CC839B66DCE}.GSUProduction|Any CPU.Build.0 = GSUProduction|Any CPU
		{0A597AC2-E1D3-41CC-9763-6CC839B66DCE}.Release|Any CPU.ActiveCfg = Release|Any CPU
		{0A597AC2-E1D3-41CC-9763-6CC839B66DCE}.Release|Any CPU.Build.0 = Release|Any CPU
		{77EAEEDA-69D8-4908-9FDD-BDBC747AE4E1}.Debug|Any CPU.ActiveCfg = Debug|Any CPU
		{77EAEEDA-69D8-4908-9FDD-BDBC747AE4E1}.Debug|Any CPU.Build.0 = Debug|Any CPU
		{77EAEEDA-69D8-4908-9FDD-BDBC747AE4E1}.GSUProduction|Any CPU.ActiveCfg = GSUProduction|Any CPU
		{77EAEEDA-69D8-4908-9FDD-BDBC747AE4E1}.GSUProduction|Any CPU.Build.0 = GSUProduction|Any CPU
		{77EAEEDA-69D8-4908-9FDD-BDBC747AE4E1}.Release|Any CPU.ActiveCfg = Release|Any CPU
		{77EAEEDA-69D8-4908-9FDD-BDBC747AE4E1}.Release|Any CPU.Build.0 = Release|Any CPU
		{2D4B1995-DD19-44C4-9D58-BAA9891CBEBA}.Debug|Any CPU.ActiveCfg = Debug|Any CPU
		{2D4B1995-DD19-44C4-9D58-BAA9891CBEBA}.Debug|Any CPU.Build.0 = Debug|Any CPU
		{2D4B1995-DD19-44C4-9D58-BAA9891CBEBA}.GSUProduction|Any CPU.ActiveCfg = GSUProduction|Any CPU
		{2D4B1995-DD19-44C4-9D58-BAA9891CBEBA}.GSUProduction|Any CPU.Build.0 = GSUProduction|Any CPU
		{2D4B1995-DD19-44C4-9D58-BAA9891CBEBA}.Release|Any CPU.ActiveCfg = Release|Any CPU
		{2D4B1995-DD19-44C4-9D58-BAA9891CBEBA}.Release|Any CPU.Build.0 = Release|Any CPU
	EndGlobalSection
	GlobalSection(SolutionProperties) = preSolution
		HideSolutionNode = FALSE
	EndGlobalSection
EndGlobal
